Microsoft Visual Studio Solution File, Format Version 12.00
# Visual Studio Version 17
VisualStudioVersion = 17.5.2.0
MinimumVisualStudioVersion = 10.0.40219.1
Project("{FAE04EC0-301F-11D3-BF4B-00C04F79EFBC}") = "AccountEditorVxaos", "AccountEditorVxaos.csproj", "{929F818B-12E1-6304-56D6-6C859D8409A7}"
EndProject
Global
	GlobalSection(SolutionConfigurationPlatforms) = preSolution
		Debug|Any CPU = Debug|Any CPU
		Release|Any CPU = Release|Any CPU
	EndGlobalSection
	GlobalSection(ProjectConfigurationPlatforms) = postSolution
		{929F818B-12E1-6304-56D6-6C859D8409A7}.Debug|Any CPU.ActiveCfg = Debug|Any CPU
		{929F818B-12E1-6304-56D6-6C859D8409A7}.Debug|Any CPU.Build.0 = Debug|Any CPU
		{929F818B-12E1-6304-56D6-6C859D8409A7}.Release|Any CPU.ActiveCfg = Release|Any CPU
		{929F818B-12E1-6304-56D6-6C859D8409A7}.Release|Any CPU.Build.0 = Release|Any CPU
	EndGlobalSection
	GlobalSection(SolutionProperties) = preSolution
		HideSolutionNode = FALSE
	EndGlobalSection
	GlobalSection(ExtensibilityGlobals) = postSolution
		SolutionGuid = {89572524-954C-4999-BF4C-97CA5DBC96D9}
	EndGlobalSection
EndGlobal
